
Microsoft Visual Studio Solution File, Format Version 12.00
Project("{FAE04EC0-301F-11D3-BF4B-00C04F79EFBC}") = "Lab_2_task_1", "Lab_2_task_1\Lab_2_task_1.csproj", "{24740BDC-C347-4E30-897B-E68ECAD72A4F}"
EndProject
Project("{FAE04EC0-301F-11D3-BF4B-00C04F79EFBC}") = "Lab_2_task_2", "Lab_2_task_2\Lab_2_task_2.csproj", "{01C8A116-C595-4767-ACD3-37A3C92A1E80}"
EndProject
Global
	GlobalSection(SolutionConfigurationPlatforms) = preSolution
		Debug|Any CPU = Debug|Any CPU
		Release|Any CPU = Release|Any CPU
	EndGlobalSection
	GlobalSection(ProjectConfigurationPlatforms) = postSolution
		{24740BDC-C347-4E30-897B-E68ECAD72A4F}.Debug|Any CPU.ActiveCfg = Debug|Any CPU
		{24740BDC-C347-4E30-897B-E68ECAD72A4F}.Debug|Any CPU.Build.0 = Debug|Any CPU
		{24740BDC-C347-4E30-897B-E68ECAD72A4F}.Release|Any CPU.ActiveCfg = Release|Any CPU
		{24740BDC-C347-4E30-897B-E68ECAD72A4F}.Release|Any CPU.Build.0 = Release|Any CPU
		{01C8A116-C595-4767-ACD3-37A3C92A1E80}.Debug|Any CPU.ActiveCfg = Debug|Any CPU
		{01C8A116-C595-4767-ACD3-37A3C92A1E80}.Debug|Any CPU.Build.0 = Debug|Any CPU
		{01C8A116-C595-4767-ACD3-37A3C92A1E80}.Release|Any CPU.ActiveCfg = Release|Any CPU
		{01C8A116-C595-4767-ACD3-37A3C92A1E80}.Release|Any CPU.Build.0 = Release|Any CPU
	EndGlobalSection
EndGlobal
